<Solution>
  <Folder Name="/DesignDocs/">
    <File Path="DesignDocs/DesignLog.txt" />
    <File Path="DesignDocs/Todo.txt" />
  </Folder>
  <Folder Name="/Solution Items/">
    <File Path="LICENSE.txt" />
    <File Path="README.md" />
  </Folder>
  <Project Path="../grif2/grif/grif.csproj" DisplayName="grif" />
  <Project Path="grifide/grifide.csproj" DisplayName="grifide" />
</Solution>
