<Solution>
  <Folder Name="/DesignDocs/">
    <File Path="DesignDocs/DesignLog.txt" />
    <File Path="DesignDocs/Todo.txt" />
  </Folder>
  <Folder Name="/Solution Items/">
    <File Path="LICENSE.txt" />
    <File Path="README.md" />
  </Folder>
  <Project Path="../GRIF2/Grif/Grif.csproj" />
  <Project Path="GrifIDE/GrifIDE.csproj" />
</Solution>
